
Microsoft Visual Studio Solution File, Format Version 12.00
# Visual Studio Version 16
VisualStudioVersion = 16.0.31702.278
MinimumVisualStudioVersion = 10.0.40219.1
Project("{FAE04EC0-301F-11D3-BF4B-00C04F79EFBC}") = "WA50", "WA50\WA50.csproj", "{736DEA2E-8707-464D-8E54-0292DE49657E}"
EndProject
Project("{9A19103F-16F7-4668-BE54-9A1E7A4F7556}") = "Northwind.Store.Data", "..\..\proyecto\NorthwindStore\Northwind.Store.Data\Northwind.Store.Data.csproj", "{77462512-4BC3-4257-AC4B-4D854165E2FD}"
EndProject
Project("{9A19103F-16F7-4668-BE54-9A1E7A4F7556}") = "Northwind.Store.Model", "..\..\proyecto\NorthwindStore\Northwind.Store.Model\Northwind.Store.Model.csproj", "{BBCB26D5-2691-429E-B3E7-77010386F2E4}"
EndProject
Global
	GlobalSection(SolutionConfigurationPlatforms) = preSolution
		Debug|Any CPU = Debug|Any CPU
		Release|Any CPU = Release|Any CPU
	EndGlobalSection
	GlobalSection(ProjectConfigurationPlatforms) = postSolution
		{736DEA2E-8707-464D-8E54-0292DE49657E}.Debug|Any CPU.ActiveCfg = Debug|Any CPU
		{736DEA2E-8707-464D-8E54-0292DE49657E}.Debug|Any CPU.Build.0 = Debug|Any CPU
		{736DEA2E-8707-464D-8E54-0292DE49657E}.Release|Any CPU.ActiveCfg = Release|Any CPU
		{736DEA2E-8707-464D-8E54-0292DE49657E}.Release|Any CPU.Build.0 = Release|Any CPU
		{77462512-4BC3-4257-AC4B-4D854165E2FD}.Debug|Any CPU.ActiveCfg = Debug|Any CPU
		{77462512-4BC3-4257-AC4B-4D854165E2FD}.Debug|Any CPU.Build.0 = Debug|Any CPU
		{77462512-4BC3-4257-AC4B-4D854165E2FD}.Release|Any CPU.ActiveCfg = Release|Any CPU
		{77462512-4BC3-4257-AC4B-4D854165E2FD}.Release|Any CPU.Build.0 = Release|Any CPU
		{BBCB26D5-2691-429E-B3E7-77010386F2E4}.Debug|Any CPU.ActiveCfg = Debug|Any CPU
		{BBCB26D5-2691-429E-B3E7-77010386F2E4}.Debug|Any CPU.Build.0 = Debug|Any CPU
		{BBCB26D5-2691-429E-B3E7-77010386F2E4}.Release|Any CPU.ActiveCfg = Release|Any CPU
		{BBCB26D5-2691-429E-B3E7-77010386F2E4}.Release|Any CPU.Build.0 = Release|Any CPU
	EndGlobalSection
	GlobalSection(SolutionProperties) = preSolution
		HideSolutionNode = FALSE
	EndGlobalSection
	GlobalSection(ExtensibilityGlobals) = postSolution
		SolutionGuid = {A9823488-1E53-4E26-AF36-AE0C7B8DC189}
	EndGlobalSection
EndGlobal
