
Microsoft Visual Studio Solution File, Format Version 12.00
# Visual Studio Version 16
VisualStudioVersion = 16.0.31702.278
MinimumVisualStudioVersion = 10.0.40219.1
Project("{9A19103F-16F7-4668-BE54-9A1E7A4F7556}") = "Northwind.Store.UI.Shell", "Northwind.Store.UI.Shell\Northwind.Store.UI.Shell.csproj", "{51B70A55-01AA-46C7-BDCD-87F36F0F9F8D}"
EndProject
Project("{9A19103F-16F7-4668-BE54-9A1E7A4F7556}") = "Northwind.Store.Model", "Northwind.Store.Model\Northwind.Store.Model.csproj", "{8E40BCFA-7CB0-45C2-900B-01EB0B546BEF}"
EndProject
Project("{9A19103F-16F7-4668-BE54-9A1E7A4F7556}") = "Northwind.Store.Data", "Northwind.Store.Data\Northwind.Store.Data.csproj", "{19806D3F-4078-4C7E-860F-F1A482F5AD61}"
EndProject
Project("{9A19103F-16F7-4668-BE54-9A1E7A4F7556}") = "Northwind.Store.UI.Web.Intranet", "Northwind.Store.UI.Web.Intranet\Northwind.Store.UI.Web.Intranet.csproj", "{501A5973-0932-4EC9-988A-11999659B8C2}"
EndProject
Project("{9A19103F-16F7-4668-BE54-9A1E7A4F7556}") = "Northwind.Store.Notification", "Northwind.Store.Notification\Northwind.Store.Notification.csproj", "{C2E0478E-180B-47A4-ACFB-810CDED6F961}"
EndProject
Project("{FAE04EC0-301F-11D3-BF4B-00C04F79EFBC}") = "Northwind.Store.Services", "Northwind.Store.Services\Northwind.Store.Services.csproj", "{D672F2CB-83A7-4EC5-A96C-0AE6D49B7397}"
EndProject
Project("{FAE04EC0-301F-11D3-BF4B-00C04F79EFBC}") = "Northwind.Store.UI.Web.PWA.Server", "Northwind.Store.UI.Web.PWA\Server\Northwind.Store.UI.Web.PWA.Server.csproj", "{D910D99E-0FBD-4927-A2AA-FF6706A3D94E}"
EndProject
Project("{FAE04EC0-301F-11D3-BF4B-00C04F79EFBC}") = "Northwind.Store.UI.Web.PWA.Client", "Northwind.Store.UI.Web.PWA\Client\Northwind.Store.UI.Web.PWA.Client.csproj", "{DA8A6D21-9F34-4B6D-B347-23B8F84519BF}"
EndProject
Project("{FAE04EC0-301F-11D3-BF4B-00C04F79EFBC}") = "Northwind.Store.UI.Web.PWA.Shared", "Northwind.Store.UI.Web.PWA\Shared\Northwind.Store.UI.Web.PWA.Shared.csproj", "{76F9C9F1-5B39-4F39-B565-1653A29B74A7}"
EndProject
Project("{9A19103F-16F7-4668-BE54-9A1E7A4F7556}") = "Northwind.Store.UI.Web.Internet.SPA", "Northwind.Store.UI.Web.Internet.SPA\Northwind.Store.UI.Web.Internet.SPA.csproj", "{554EA447-8524-4E81-9ADD-713952B9E26F}"
EndProject
Global
	GlobalSection(SolutionConfigurationPlatforms) = preSolution
		Debug|Any CPU = Debug|Any CPU
		Release|Any CPU = Release|Any CPU
	EndGlobalSection
	GlobalSection(ProjectConfigurationPlatforms) = postSolution
		{51B70A55-01AA-46C7-BDCD-87F36F0F9F8D}.Debug|Any CPU.ActiveCfg = Debug|Any CPU
		{51B70A55-01AA-46C7-BDCD-87F36F0F9F8D}.Debug|Any CPU.Build.0 = Debug|Any CPU
		{51B70A55-01AA-46C7-BDCD-87F36F0F9F8D}.Release|Any CPU.ActiveCfg = Release|Any CPU
		{51B70A55-01AA-46C7-BDCD-87F36F0F9F8D}.Release|Any CPU.Build.0 = Release|Any CPU
		{8E40BCFA-7CB0-45C2-900B-01EB0B546BEF}.Debug|Any CPU.ActiveCfg = Debug|Any CPU
		{8E40BCFA-7CB0-45C2-900B-01EB0B546BEF}.Debug|Any CPU.Build.0 = Debug|Any CPU
		{8E40BCFA-7CB0-45C2-900B-01EB0B546BEF}.Release|Any CPU.ActiveCfg = Release|Any CPU
		{8E40BCFA-7CB0-45C2-900B-01EB0B546BEF}.Release|Any CPU.Build.0 = Release|Any CPU
		{19806D3F-4078-4C7E-860F-F1A482F5AD61}.Debug|Any CPU.ActiveCfg = Debug|Any CPU
		{19806D3F-4078-4C7E-860F-F1A482F5AD61}.Debug|Any CPU.Build.0 = Debug|Any CPU
		{19806D3F-4078-4C7E-860F-F1A482F5AD61}.Release|Any CPU.ActiveCfg = Release|Any CPU
		{19806D3F-4078-4C7E-860F-F1A482F5AD61}.Release|Any CPU.Build.0 = Release|Any CPU
		{501A5973-0932-4EC9-988A-11999659B8C2}.Debug|Any CPU.ActiveCfg = Debug|Any CPU
		{501A5973-0932-4EC9-988A-11999659B8C2}.Debug|Any CPU.Build.0 = Debug|Any CPU
		{501A5973-0932-4EC9-988A-11999659B8C2}.Release|Any CPU.ActiveCfg = Release|Any CPU
		{501A5973-0932-4EC9-988A-11999659B8C2}.Release|Any CPU.Build.0 = Release|Any CPU
		{C2E0478E-180B-47A4-ACFB-810CDED6F961}.Debug|Any CPU.ActiveCfg = Debug|Any CPU
		{C2E0478E-180B-47A4-ACFB-810CDED6F961}.Debug|Any CPU.Build.0 = Debug|Any CPU
		{C2E0478E-180B-47A4-ACFB-810CDED6F961}.Release|Any CPU.ActiveCfg = Release|Any CPU
		{C2E0478E-180B-47A4-ACFB-810CDED6F961}.Release|Any CPU.Build.0 = Release|Any CPU
		{D672F2CB-83A7-4EC5-A96C-0AE6D49B7397}.Debug|Any CPU.ActiveCfg = Debug|Any CPU
		{D672F2CB-83A7-4EC5-A96C-0AE6D49B7397}.Debug|Any CPU.Build.0 = Debug|Any CPU
		{D672F2CB-83A7-4EC5-A96C-0AE6D49B7397}.Release|Any CPU.ActiveCfg = Release|Any CPU
		{D672F2CB-83A7-4EC5-A96C-0AE6D49B7397}.Release|Any CPU.Build.0 = Release|Any CPU
		{D910D99E-0FBD-4927-A2AA-FF6706A3D94E}.Debug|Any CPU.ActiveCfg = Debug|Any CPU
		{D910D99E-0FBD-4927-A2AA-FF6706A3D94E}.Debug|Any CPU.Build.0 = Debug|Any CPU
		{D910D99E-0FBD-4927-A2AA-FF6706A3D94E}.Release|Any CPU.ActiveCfg = Release|Any CPU
		{D910D99E-0FBD-4927-A2AA-FF6706A3D94E}.Release|Any CPU.Build.0 = Release|Any CPU
		{DA8A6D21-9F34-4B6D-B347-23B8F84519BF}.Debug|Any CPU.ActiveCfg = Debug|Any CPU
		{DA8A6D21-9F34-4B6D-B347-23B8F84519BF}.Debug|Any CPU.Build.0 = Debug|Any CPU
		{DA8A6D21-9F34-4B6D-B347-23B8F84519BF}.Release|Any CPU.ActiveCfg = Release|Any CPU
		{DA8A6D21-9F34-4B6D-B347-23B8F84519BF}.Release|Any CPU.Build.0 = Release|Any CPU
		{76F9C9F1-5B39-4F39-B565-1653A29B74A7}.Debug|Any CPU.ActiveCfg = Debug|Any CPU
		{76F9C9F1-5B39-4F39-B565-1653A29B74A7}.Debug|Any CPU.Build.0 = Debug|Any CPU
		{76F9C9F1-5B39-4F39-B565-1653A29B74A7}.Release|Any CPU.ActiveCfg = Release|Any CPU
		{76F9C9F1-5B39-4F39-B565-1653A29B74A7}.Release|Any CPU.Build.0 = Release|Any CPU
		{554EA447-8524-4E81-9ADD-713952B9E26F}.Debug|Any CPU.ActiveCfg = Debug|Any CPU
		{554EA447-8524-4E81-9ADD-713952B9E26F}.Debug|Any CPU.Build.0 = Debug|Any CPU
		{554EA447-8524-4E81-9ADD-713952B9E26F}.Release|Any CPU.ActiveCfg = Release|Any CPU
		{554EA447-8524-4E81-9ADD-713952B9E26F}.Release|Any CPU.Build.0 = Release|Any CPU
	EndGlobalSection
	GlobalSection(SolutionProperties) = preSolution
		HideSolutionNode = FALSE
	EndGlobalSection
	GlobalSection(ExtensibilityGlobals) = postSolution
		SolutionGuid = {4F66B33F-ECBD-43E2-BCF2-9FD16951D6E7}
	EndGlobalSection
EndGlobal
